
Microsoft Visual Studio Solution File, Format Version 12.00
# Visual Studio Version 16
VisualStudioVersion = 16.0.30611.23
MinimumVisualStudioVersion = 10.0.40219.1
Project("{888888A0-9F3D-457C-B088-3A5042F75D52}") = "Odello_Python", "Odello_Python.pyproj", "{D0632CA0-0DC4-4E79-B94D-97C761E43321}"
EndProject
Global
	GlobalSection(SolutionConfigurationPlatforms) = preSolution
		Debug|Any CPU = Debug|Any CPU
		Release|Any CPU = Release|Any CPU
	EndGlobalSection
	GlobalSection(ProjectConfigurationPlatforms) = postSolution
		{D0632CA0-0DC4-4E79-B94D-97C761E43321}.Debug|Any CPU.ActiveCfg = Debug|Any CPU
		{D0632CA0-0DC4-4E79-B94D-97C761E43321}.Release|Any CPU.ActiveCfg = Release|Any CPU
	EndGlobalSection
	GlobalSection(SolutionProperties) = preSolution
		HideSolutionNode = FALSE
	EndGlobalSection
	GlobalSection(ExtensibilityGlobals) = postSolution
		SolutionGuid = {AEE97D3A-155D-46A4-B85A-12AD42995643}
	EndGlobalSection
EndGlobal
